// !$*UTF8*$!
{
	archiveVersion = 1;
	classes = {
	};
	objectVersion = 56;
	objects = {

/* Begin PBXBuildFile section */
		E42C4CF42B8E44020092563E /* Intro.swift in Sources */ = {isa = PBXBuildFile; fileRef = E42C4CF32B8E44020092563E /* Intro.swift */; };
		E42C4CF62B8E5EFD0092563E /* LearnView.swift in Sources */ = {isa = PBXBuildFile; fileRef = E42C4CF52B8E5EFD0092563E /* LearnView.swift */; };
		E42C4CF82B90E6E10092563E /* DetailView.swift in Sources */ = {isa = PBXBuildFile; fileRef = E42C4CF72B90E6E10092563E /* DetailView.swift */; };
		E446400E2B8A0FAE004B9A46 /* Search.swift in Sources */ = {isa = PBXBuildFile; fileRef = E446400D2B8A0FAE004B9A46 /* Search.swift */; };
		E44640122B8A4757004B9A46 /* Localizable.xcstrings in Resources */ = {isa = PBXBuildFile; fileRef = E44640112B8A4757004B9A46 /* Localizable.xcstrings */; };
		E45304ED2B9B0F46004243DC /* HeaderViewModel.swift in Sources */ = {isa = PBXBuildFile; fileRef = E45304EC2B9B0F46004243DC /* HeaderViewModel.swift */; };
		E47481FB2B7BDD040036B5C2 /* ImageCard.swift in Sources */ = {isa = PBXBuildFile; fileRef = E47481FA2B7BDD040036B5C2 /* ImageCard.swift */; };
		E47481FD2B7BDD390036B5C2 /* TextCard.swift in Sources */ = {isa = PBXBuildFile; fileRef = E47481FC2B7BDD390036B5C2 /* TextCard.swift */; };
		E47482012B7BE39B0036B5C2 /* NotePhoto.swift in Sources */ = {isa = PBXBuildFile; fileRef = E47482002B7BE39B0036B5C2 /* NotePhoto.swift */; };
		E47482032B7BE3C70036B5C2 /* NoteText.swift in Sources */ = {isa = PBXBuildFile; fileRef = E47482022B7BE3C70036B5C2 /* NoteText.swift */; };
		E47482052B7BE5190036B5C2 /* OverlayButtons.swift in Sources */ = {isa = PBXBuildFile; fileRef = E47482042B7BE5190036B5C2 /* OverlayButtons.swift */; };
		E47482072B7D1B270036B5C2 /* CustomDatePickerView.swift in Sources */ = {isa = PBXBuildFile; fileRef = E47482062B7D1B270036B5C2 /* CustomDatePickerView.swift */; };
		E48A906C2B86722900DAFD8C /* HapticManager.swift in Sources */ = {isa = PBXBuildFile; fileRef = E48A906B2B86722900DAFD8C /* HapticManager.swift */; };
		E48A906E2B87F8D200DAFD8C /* CustomButtonCard.swift in Sources */ = {isa = PBXBuildFile; fileRef = E48A906D2B87F8D200DAFD8C /* CustomButtonCard.swift */; };
		E48A90702B890C3200DAFD8C /* HomeBG.swift in Sources */ = {isa = PBXBuildFile; fileRef = E48A906F2B890C3200DAFD8C /* HomeBG.swift */; };
		E48AAA6E2B8269FC0043A00A /* Config.swift in Sources */ = {isa = PBXBuildFile; fileRef = E48AAA6D2B8269FC0043A00A /* Config.swift */; };
		E48AAA702B826A160043A00A /* Home.swift in Sources */ = {isa = PBXBuildFile; fileRef = E48AAA6F2B826A160043A00A /* Home.swift */; };
		E48AAA722B826A280043A00A /* UniversalInteractionManager.swift in Sources */ = {isa = PBXBuildFile; fileRef = E48AAA712B826A280043A00A /* UniversalInteractionManager.swift */; };
		E48AAA742B826A330043A00A /* ChromeScrollView.swift in Sources */ = {isa = PBXBuildFile; fileRef = E48AAA732B826A330043A00A /* ChromeScrollView.swift */; };
		E48AAA762B83B4CE0043A00A /* ButtonCard.swift in Sources */ = {isa = PBXBuildFile; fileRef = E48AAA752B83B4CE0043A00A /* ButtonCard.swift */; };
		E48AAA782B8514400043A00A /* Card.swift in Sources */ = {isa = PBXBuildFile; fileRef = E48AAA772B8514400043A00A /* Card.swift */; };
		E4B05C7F2B821BAA00080748 /* BookmarkNoteView.swift in Sources */ = {isa = PBXBuildFile; fileRef = E4B05C7E2B821BAA00080748 /* BookmarkNoteView.swift */; };
		E4B05C812B82249A00080748 /* TransparentBlurView.swift in Sources */ = {isa = PBXBuildFile; fileRef = E4B05C802B82249A00080748 /* TransparentBlurView.swift */; };
		E4FC87FE2B774CA8005DCC4B /* NewNoteApp.swift in Sources */ = {isa = PBXBuildFile; fileRef = E4FC87FD2B774CA8005DCC4B /* NewNoteApp.swift */; };
		E4FC88002B774CA8005DCC4B /* ContentView.swift in Sources */ = {isa = PBXBuildFile; fileRef = E4FC87FF2B774CA8005DCC4B /* ContentView.swift */; };
		E4FC88022B774CA9005DCC4B /* Assets.xcassets in Resources */ = {isa = PBXBuildFile; fileRef = E4FC88012B774CA9005DCC4B /* Assets.xcassets */; };
		E4FC88052B774CA9005DCC4B /* Preview Assets.xcassets in Resources */ = {isa = PBXBuildFile; fileRef = E4FC88042B774CA9005DCC4B /* Preview Assets.xcassets */; };
		E4FC880E2B774CE0005DCC4B /* Note.swift in Sources */ = {isa = PBXBuildFile; fileRef = E4FC880D2B774CE0005DCC4B /* Note.swift */; };
		E4FC88122B774CF9005DCC4B /* CompletedNoteView.swift in Sources */ = {isa = PBXBuildFile; fileRef = E4FC88112B774CF9005DCC4B /* CompletedNoteView.swift */; };
		E4FC881C2B775061005DCC4B /* WidgetKit.framework in Frameworks */ = {isa = PBXBuildFile; fileRef = E4FC881B2B775061005DCC4B /* WidgetKit.framework */; };
		E4FC881E2B775061005DCC4B /* SwiftUI.framework in Frameworks */ = {isa = PBXBuildFile; fileRef = E4FC881D2B775061005DCC4B /* SwiftUI.framework */; };
		E4FC88212B775061005DCC4B /* NoteWidgetBundle.swift in Sources */ = {isa = PBXBuildFile; fileRef = E4FC88202B775061005DCC4B /* NoteWidgetBundle.swift */; };
		E4FC88232B775061005DCC4B /* NoteWidget.swift in Sources */ = {isa = PBXBuildFile; fileRef = E4FC88222B775061005DCC4B /* NoteWidget.swift */; };
		E4FC88252B775063005DCC4B /* Assets.xcassets in Resources */ = {isa = PBXBuildFile; fileRef = E4FC88242B775063005DCC4B /* Assets.xcassets */; };
		E4FC88292B775063005DCC4B /* NoteWidgetExtension.appex in Embed Foundation Extensions */ = {isa = PBXBuildFile; fileRef = E4FC88192B775061005DCC4B /* NoteWidgetExtension.appex */; settings = {ATTRIBUTES = (RemoveHeadersOnCopy, ); }; };
		E4FC88302B7750BA005DCC4B /* Note.swift in Sources */ = {isa = PBXBuildFile; fileRef = E4FC880D2B774CE0005DCC4B /* Note.swift */; };
		E4FC88342B775D3B005DCC4B /* AddNoteView.swift in Sources */ = {isa = PBXBuildFile; fileRef = E4FC88332B775D3B005DCC4B /* AddNoteView.swift */; };
		E4FC88372B775F52005DCC4B /* ColorManager.swift in Sources */ = {isa = PBXBuildFile; fileRef = E4FC88362B775F52005DCC4B /* ColorManager.swift */; };
		E4FC883A2B775FC8005DCC4B /* NoteContent.swift in Sources */ = {isa = PBXBuildFile; fileRef = E4FC88392B775FC8005DCC4B /* NoteContent.swift */; };
		E4FC883C2B775FD9005DCC4B /* PreviewContainer.swift in Sources */ = {isa = PBXBuildFile; fileRef = E4FC883B2B775FD9005DCC4B /* PreviewContainer.swift */; };
		E4FC883E2B776463005DCC4B /* ViewExtensions.swift in Sources */ = {isa = PBXBuildFile; fileRef = E4FC883D2B776463005DCC4B /* ViewExtensions.swift */; };
		E4FC88402B77E523005DCC4B /* EditNoteView.swift in Sources */ = {isa = PBXBuildFile; fileRef = E4FC883F2B77E523005DCC4B /* EditNoteView.swift */; };
		E4FC88442B77FCD2005DCC4B /* Tips.swift in Sources */ = {isa = PBXBuildFile; fileRef = E4FC88432B77FCD2005DCC4B /* Tips.swift */; };
		E4FC88482B790113005DCC4B /* OffsetKey.swift in Sources */ = {isa = PBXBuildFile; fileRef = E4FC88472B790113005DCC4B /* OffsetKey.swift */; };
		E4FC88572B7924AA005DCC4B /* PageIntro.swift in Sources */ = {isa = PBXBuildFile; fileRef = E4FC88562B7924AA005DCC4B /* PageIntro.swift */; };
		E4FC88592B7924CD005DCC4B /* HomeOnBoard.swift in Sources */ = {isa = PBXBuildFile; fileRef = E4FC88582B7924CD005DCC4B /* HomeOnBoard.swift */; };
		E4FC885B2B7924DA005DCC4B /* CustomTextField.swift in Sources */ = {isa = PBXBuildFile; fileRef = E4FC885A2B7924DA005DCC4B /* CustomTextField.swift */; };
		E4FC885D2B7924E7005DCC4B /* CustomIndicatorView.swift in Sources */ = {isa = PBXBuildFile; fileRef = E4FC885C2B7924E7005DCC4B /* CustomIndicatorView.swift */; };
/* End PBXBuildFile section */

/* Begin PBXContainerItemProxy section */
		E4FC88272B775063005DCC4B /* PBXContainerItemProxy */ = {
			isa = PBXContainerItemProxy;
			containerPortal = E4FC87F22B774CA8005DCC4B /* Project object */;
			proxyType = 1;
			remoteGlobalIDString = E4FC88182B775061005DCC4B;
			remoteInfo = NoteWidgetExtension;
		};
/* End PBXContainerItemProxy section */

/* Begin PBXCopyFilesBuildPhase section */
		E4FC882A2B775063005DCC4B /* Embed Foundation Extensions */ = {
			isa = PBXCopyFilesBuildPhase;
			buildActionMask = 2147483647;
			dstPath = "";
			dstSubfolderSpec = 13;
			files = (
				E4FC88292B775063005DCC4B /* NoteWidgetExtension.appex in Embed Foundation Extensions */,
			);
			name = "Embed Foundation Extensions";
			runOnlyForDeploymentPostprocessing = 0;
		};
/* End PBXCopyFilesBuildPhase section */

/* Begin PBXFileReference section */
		E42C4CF32B8E44020092563E /* Intro.swift */ = {isa = PBXFileReference; lastKnownFileType = sourcecode.swift; path = Intro.swift; sourceTree = "<group>"; };
		E42C4CF52B8E5EFD0092563E /* LearnView.swift */ = {isa = PBXFileReference; lastKnownFileType = sourcecode.swift; path = LearnView.swift; sourceTree = "<group>"; };
		E42C4CF72B90E6E10092563E /* DetailView.swift */ = {isa = PBXFileReference; lastKnownFileType = sourcecode.swift; path = DetailView.swift; sourceTree = "<group>"; };
		E446400D2B8A0FAE004B9A46 /* Search.swift */ = {isa = PBXFileReference; lastKnownFileType = sourcecode.swift; path = Search.swift; sourceTree = "<group>"; };
		E44640112B8A4757004B9A46 /* Localizable.xcstrings */ = {isa = PBXFileReference; lastKnownFileType = text.json.xcstrings; path = Localizable.xcstrings; sourceTree = "<group>"; };
		E45304EC2B9B0F46004243DC /* HeaderViewModel.swift */ = {isa = PBXFileReference; lastKnownFileType = sourcecode.swift; path = HeaderViewModel.swift; sourceTree = "<group>"; };
		E47481FA2B7BDD040036B5C2 /* ImageCard.swift */ = {isa = PBXFileReference; lastKnownFileType = sourcecode.swift; path = ImageCard.swift; sourceTree = "<group>"; };
		E47481FC2B7BDD390036B5C2 /* TextCard.swift */ = {isa = PBXFileReference; lastKnownFileType = sourcecode.swift; path = TextCard.swift; sourceTree = "<group>"; };
		E47482002B7BE39B0036B5C2 /* NotePhoto.swift */ = {isa = PBXFileReference; lastKnownFileType = sourcecode.swift; path = NotePhoto.swift; sourceTree = "<group>"; };
		E47482022B7BE3C70036B5C2 /* NoteText.swift */ = {isa = PBXFileReference; lastKnownFileType = sourcecode.swift; path = NoteText.swift; sourceTree = "<group>"; };
		E47482042B7BE5190036B5C2 /* OverlayButtons.swift */ = {isa = PBXFileReference; lastKnownFileType = sourcecode.swift; path = OverlayButtons.swift; sourceTree = "<group>"; };
		E47482062B7D1B270036B5C2 /* CustomDatePickerView.swift */ = {isa = PBXFileReference; lastKnownFileType = sourcecode.swift; path = CustomDatePickerView.swift; sourceTree = "<group>"; };
		E48A906B2B86722900DAFD8C /* HapticManager.swift */ = {isa = PBXFileReference; lastKnownFileType = sourcecode.swift; path = HapticManager.swift; sourceTree = "<group>"; };
		E48A906D2B87F8D200DAFD8C /* CustomButtonCard.swift */ = {isa = PBXFileReference; lastKnownFileType = sourcecode.swift; path = CustomButtonCard.swift; sourceTree = "<group>"; };
		E48A906F2B890C3200DAFD8C /* HomeBG.swift */ = {isa = PBXFileReference; lastKnownFileType = sourcecode.swift; path = HomeBG.swift; sourceTree = "<group>"; };
		E48AAA6D2B8269FC0043A00A /* Config.swift */ = {isa = PBXFileReference; lastKnownFileType = sourcecode.swift; path = Config.swift; sourceTree = "<group>"; };
		E48AAA6F2B826A160043A00A /* Home.swift */ = {isa = PBXFileReference; lastKnownFileType = sourcecode.swift; path = Home.swift; sourceTree = "<group>"; };
		E48AAA712B826A280043A00A /* UniversalInteractionManager.swift */ = {isa = PBXFileReference; lastKnownFileType = sourcecode.swift; path = UniversalInteractionManager.swift; sourceTree = "<group>"; };
		E48AAA732B826A330043A00A /* ChromeScrollView.swift */ = {isa = PBXFileReference; lastKnownFileType = sourcecode.swift; path = ChromeScrollView.swift; sourceTree = "<group>"; };
		E48AAA752B83B4CE0043A00A /* ButtonCard.swift */ = {isa = PBXFileReference; lastKnownFileType = sourcecode.swift; path = ButtonCard.swift; sourceTree = "<group>"; };
		E48AAA772B8514400043A00A /* Card.swift */ = {isa = PBXFileReference; lastKnownFileType = sourcecode.swift; path = Card.swift; sourceTree = "<group>"; };
		E4B05C7E2B821BAA00080748 /* BookmarkNoteView.swift */ = {isa = PBXFileReference; lastKnownFileType = sourcecode.swift; path = BookmarkNoteView.swift; sourceTree = "<group>"; };
		E4B05C802B82249A00080748 /* TransparentBlurView.swift */ = {isa = PBXFileReference; lastKnownFileType = sourcecode.swift; path = TransparentBlurView.swift; sourceTree = "<group>"; };
		E4FC87FA2B774CA8005DCC4B /* NewNote.app */ = {isa = PBXFileReference; explicitFileType = wrapper.application; includeInIndex = 0; path = NewNote.app; sourceTree = BUILT_PRODUCTS_DIR; };
		E4FC87FD2B774CA8005DCC4B /* NewNoteApp.swift */ = {isa = PBXFileReference; lastKnownFileType = sourcecode.swift; path = NewNoteApp.swift; sourceTree = "<group>"; };
		E4FC87FF2B774CA8005DCC4B /* ContentView.swift */ = {isa = PBXFileReference; lastKnownFileType = sourcecode.swift; path = ContentView.swift; sourceTree = "<group>"; };
		E4FC88012B774CA9005DCC4B /* Assets.xcassets */ = {isa = PBXFileReference; lastKnownFileType = folder.assetcatalog; path = Assets.xcassets; sourceTree = "<group>"; };
		E4FC88042B774CA9005DCC4B /* Preview Assets.xcassets */ = {isa = PBXFileReference; lastKnownFileType = folder.assetcatalog; path = "Preview Assets.xcassets"; sourceTree = "<group>"; };
		E4FC880D2B774CE0005DCC4B /* Note.swift */ = {isa = PBXFileReference; lastKnownFileType = sourcecode.swift; path = Note.swift; sourceTree = "<group>"; };
		E4FC88112B774CF9005DCC4B /* CompletedNoteView.swift */ = {isa = PBXFileReference; lastKnownFileType = sourcecode.swift; path = CompletedNoteView.swift; sourceTree = "<group>"; };
		E4FC88192B775061005DCC4B /* NoteWidgetExtension.appex */ = {isa = PBXFileReference; explicitFileType = "wrapper.app-extension"; includeInIndex = 0; path = NoteWidgetExtension.appex; sourceTree = BUILT_PRODUCTS_DIR; };
		E4FC881B2B775061005DCC4B /* WidgetKit.framework */ = {isa = PBXFileReference; lastKnownFileType = wrapper.framework; name = WidgetKit.framework; path = System/Library/Frameworks/WidgetKit.framework; sourceTree = SDKROOT; };
		E4FC881D2B775061005DCC4B /* SwiftUI.framework */ = {isa = PBXFileReference; lastKnownFileType = wrapper.framework; name = SwiftUI.framework; path = System/Library/Frameworks/SwiftUI.framework; sourceTree = SDKROOT; };
		E4FC88202B775061005DCC4B /* NoteWidgetBundle.swift */ = {isa = PBXFileReference; lastKnownFileType = sourcecode.swift; path = NoteWidgetBundle.swift; sourceTree = "<group>"; };
		E4FC88222B775061005DCC4B /* NoteWidget.swift */ = {isa = PBXFileReference; lastKnownFileType = sourcecode.swift; path = NoteWidget.swift; sourceTree = "<group>"; };
		E4FC88242B775063005DCC4B /* Assets.xcassets */ = {isa = PBXFileReference; lastKnownFileType = folder.assetcatalog; path = Assets.xcassets; sourceTree = "<group>"; };
		E4FC88262B775063005DCC4B /* Info.plist */ = {isa = PBXFileReference; lastKnownFileType = text.plist.xml; path = Info.plist; sourceTree = "<group>"; };
		E4FC88312B7755F1005DCC4B /* NewNote.entitlements */ = {isa = PBXFileReference; lastKnownFileType = text.plist.entitlements; path = NewNote.entitlements; sourceTree = "<group>"; };
		E4FC88322B775668005DCC4B /* NoteWidgetExtension.entitlements */ = {isa = PBXFileReference; lastKnownFileType = text.plist.entitlements; path = NoteWidgetExtension.entitlements; sourceTree = "<group>"; };
		E4FC88332B775D3B005DCC4B /* AddNoteView.swift */ = {isa = PBXFileReference; lastKnownFileType = sourcecode.swift; path = AddNoteView.swift; sourceTree = "<group>"; };
		E4FC88362B775F52005DCC4B /* ColorManager.swift */ = {isa = PBXFileReference; fileEncoding = 4; lastKnownFileType = sourcecode.swift; path = ColorManager.swift; sourceTree = "<group>"; };
		E4FC88392B775FC8005DCC4B /* NoteContent.swift */ = {isa = PBXFileReference; lastKnownFileType = sourcecode.swift; path = NoteContent.swift; sourceTree = "<group>"; };
		E4FC883B2B775FD9005DCC4B /* PreviewContainer.swift */ = {isa = PBXFileReference; lastKnownFileType = sourcecode.swift; path = PreviewContainer.swift; sourceTree = "<group>"; };
		E4FC883D2B776463005DCC4B /* ViewExtensions.swift */ = {isa = PBXFileReference; lastKnownFileType = sourcecode.swift; path = ViewExtensions.swift; sourceTree = "<group>"; };
		E4FC883F2B77E523005DCC4B /* EditNoteView.swift */ = {isa = PBXFileReference; lastKnownFileType = sourcecode.swift; path = EditNoteView.swift; sourceTree = "<group>"; };
		E4FC88432B77FCD2005DCC4B /* Tips.swift */ = {isa = PBXFileReference; lastKnownFileType = sourcecode.swift; path = Tips.swift; sourceTree = "<group>"; };
		E4FC88472B790113005DCC4B /* OffsetKey.swift */ = {isa = PBXFileReference; lastKnownFileType = sourcecode.swift; path = OffsetKey.swift; sourceTree = "<group>"; };
		E4FC88492B791877005DCC4B /* Info.plist */ = {isa = PBXFileReference; lastKnownFileType = text.plist; path = Info.plist; sourceTree = "<group>"; };
		E4FC88562B7924AA005DCC4B /* PageIntro.swift */ = {isa = PBXFileReference; lastKnownFileType = sourcecode.swift; path = PageIntro.swift; sourceTree = "<group>"; };
		E4FC88582B7924CD005DCC4B /* HomeOnBoard.swift */ = {isa = PBXFileReference; lastKnownFileType = sourcecode.swift; path = HomeOnBoard.swift; sourceTree = "<group>"; };
		E4FC885A2B7924DA005DCC4B /* CustomTextField.swift */ = {isa = PBXFileReference; lastKnownFileType = sourcecode.swift; path = CustomTextField.swift; sourceTree = "<group>"; };
		E4FC885C2B7924E7005DCC4B /* CustomIndicatorView.swift */ = {isa = PBXFileReference; lastKnownFileType = sourcecode.swift; path = CustomIndicatorView.swift; sourceTree = "<group>"; };
/* End PBXFileReference section */

/* Begin PBXFrameworksBuildPhase section */
		E4FC87F72B774CA8005DCC4B /* Frameworks */ = {
			isa = PBXFrameworksBuildPhase;
			buildActionMask = 2147483647;
			files = (
			);
			runOnlyForDeploymentPostprocessing = 0;
		};
		E4FC88162B775061005DCC4B /* Frameworks */ = {
			isa = PBXFrameworksBuildPhase;
			buildActionMask = 2147483647;
			files = (
				E4FC881E2B775061005DCC4B /* SwiftUI.framework in Frameworks */,
				E4FC881C2B775061005DCC4B /* WidgetKit.framework in Frameworks */,
			);
			runOnlyForDeploymentPostprocessing = 0;
		};
/* End PBXFrameworksBuildPhase section */

/* Begin PBXGroup section */
		E446400C2B8A0F9B004B9A46 /* Home */ = {
			isa = PBXGroup;
			children = (
				E45304EA2B9B0F23004243DC /* ViewModel */,
				E45304EB2B9B0F2C004243DC /* View */,
			);
			path = Home;
			sourceTree = "<group>";
		};
		E45304EA2B9B0F23004243DC /* ViewModel */ = {
			isa = PBXGroup;
			children = (
				E45304EC2B9B0F46004243DC /* HeaderViewModel.swift */,
			);
			path = ViewModel;
			sourceTree = "<group>";
		};
		E45304EB2B9B0F2C004243DC /* View */ = {
			isa = PBXGroup;
			children = (
				E48AAA6F2B826A160043A00A /* Home.swift */,
				E48A906F2B890C3200DAFD8C /* HomeBG.swift */,
			);
			path = View;
			sourceTree = "<group>";
		};
		E46392BE2B7A86D900B85B0C /* Components */ = {
			isa = PBXGroup;
			children = (
				E47482002B7BE39B0036B5C2 /* NotePhoto.swift */,
				E47482022B7BE3C70036B5C2 /* NoteText.swift */,
				E47482042B7BE5190036B5C2 /* OverlayButtons.swift */,
				E47482062B7D1B270036B5C2 /* CustomDatePickerView.swift */,
				E47481F92B7BDCE60036B5C2 /* Card */,
			);
			path = Components;
			sourceTree = "<group>";
		};
		E47481F92B7BDCE60036B5C2 /* Card */ = {
			isa = PBXGroup;
			children = (
				E48AAA772B8514400043A00A /* Card.swift */,
				E47481FA2B7BDD040036B5C2 /* ImageCard.swift */,
				E47481FC2B7BDD390036B5C2 /* TextCard.swift */,
				E48AAA752B83B4CE0043A00A /* ButtonCard.swift */,
				E48A906D2B87F8D200DAFD8C /* CustomButtonCard.swift */,
			);
			path = Card;
			sourceTree = "<group>";
		};
		E48AAA6A2B8269D90043A00A /* Chrome */ = {
			isa = PBXGroup;
			children = (
				E48AAA6B2B8269E70043A00A /* Model */,
				E48AAA6C2B8269EE0043A00A /* View */,
			);
			path = Chrome;
			sourceTree = "<group>";
		};
		E48AAA6B2B8269E70043A00A /* Model */ = {
			isa = PBXGroup;
			children = (
				E48AAA6D2B8269FC0043A00A /* Config.swift */,
			);
			path = Model;
			sourceTree = "<group>";
		};
		E48AAA6C2B8269EE0043A00A /* View */ = {
			isa = PBXGroup;
			children = (
				E48AAA712B826A280043A00A /* UniversalInteractionManager.swift */,
				E48AAA732B826A330043A00A /* ChromeScrollView.swift */,
			);
			path = View;
			sourceTree = "<group>";
		};
		E4FC87F12B774CA8005DCC4B = {
			isa = PBXGroup;
			children = (
				E44640112B8A4757004B9A46 /* Localizable.xcstrings */,
				E4FC88322B775668005DCC4B /* NoteWidgetExtension.entitlements */,
				E4FC87FC2B774CA8005DCC4B /* NewNote */,
				E4FC881F2B775061005DCC4B /* NoteWidget */,
				E4FC881A2B775061005DCC4B /* Frameworks */,
				E4FC87FB2B774CA8005DCC4B /* Products */,
			);
			sourceTree = "<group>";
		};
		E4FC87FB2B774CA8005DCC4B /* Products */ = {
			isa = PBXGroup;
			children = (
				E4FC87FA2B774CA8005DCC4B /* NewNote.app */,
				E4FC88192B775061005DCC4B /* NoteWidgetExtension.appex */,
			);
			name = Products;
			sourceTree = "<group>";
		};
		E4FC87FC2B774CA8005DCC4B /* NewNote */ = {
			isa = PBXGroup;
			children = (
				E4FC88492B791877005DCC4B /* Info.plist */,
				E4FC88312B7755F1005DCC4B /* NewNote.entitlements */,
				E4FC882E2B775088005DCC4B /* App */,
				E4FC884A2B792363005DCC4B /* Core */,
				E4FC88352B775F3E005DCC4B /* Extensions */,
				E4FC87FF2B774CA8005DCC4B /* ContentView.swift */,
				E4FC88012B774CA9005DCC4B /* Assets.xcassets */,
				E4FC88032B774CA9005DCC4B /* Preview Content */,
			);
			path = NewNote;
			sourceTree = "<group>";
		};
		E4FC88032B774CA9005DCC4B /* Preview Content */ = {
			isa = PBXGroup;
			children = (
				E4FC88392B775FC8005DCC4B /* NoteContent.swift */,
				E4FC883B2B775FD9005DCC4B /* PreviewContainer.swift */,
				E4FC88042B774CA9005DCC4B /* Preview Assets.xcassets */,
			);
			path = "Preview Content";
			sourceTree = "<group>";
		};
		E4FC880B2B774CB0005DCC4B /* Model */ = {
			isa = PBXGroup;
			children = (
				E4FC880D2B774CE0005DCC4B /* Note.swift */,
			);
			path = Model;
			sourceTree = "<group>";
		};
		E4FC880C2B774CB7005DCC4B /* View */ = {
			isa = PBXGroup;
			children = (
				E42C4CF32B8E44020092563E /* Intro.swift */,
				E42C4CF52B8E5EFD0092563E /* LearnView.swift */,
				E446400C2B8A0F9B004B9A46 /* Home */,
				E4FC88112B774CF9005DCC4B /* CompletedNoteView.swift */,
				E4B05C7E2B821BAA00080748 /* BookmarkNoteView.swift */,
				E4FC88332B775D3B005DCC4B /* AddNoteView.swift */,
				E4FC883F2B77E523005DCC4B /* EditNoteView.swift */,
				E446400D2B8A0FAE004B9A46 /* Search.swift */,
				E42C4CF72B90E6E10092563E /* DetailView.swift */,
			);
			path = View;
			sourceTree = "<group>";
		};
		E4FC881A2B775061005DCC4B /* Frameworks */ = {
			isa = PBXGroup;
			children = (
				E4FC881B2B775061005DCC4B /* WidgetKit.framework */,
				E4FC881D2B775061005DCC4B /* SwiftUI.framework */,
			);
			name = Frameworks;
			sourceTree = "<group>";
		};
		E4FC881F2B775061005DCC4B /* NoteWidget */ = {
			isa = PBXGroup;
			children = (
				E4FC88202B775061005DCC4B /* NoteWidgetBundle.swift */,
				E4FC88222B775061005DCC4B /* NoteWidget.swift */,
				E4FC88242B775063005DCC4B /* Assets.xcassets */,
				E4FC88262B775063005DCC4B /* Info.plist */,
			);
			path = NoteWidget;
			sourceTree = "<group>";
		};
		E4FC882E2B775088005DCC4B /* App */ = {
			isa = PBXGroup;
			children = (
				E4FC87FD2B774CA8005DCC4B /* NewNoteApp.swift */,
			);
			path = App;
			sourceTree = "<group>";
		};
		E4FC882F2B775090005DCC4B /* Note */ = {
			isa = PBXGroup;
			children = (
				E4FC880B2B774CB0005DCC4B /* Model */,
				E4FC880C2B774CB7005DCC4B /* View */,
			);
			path = Note;
			sourceTree = "<group>";
		};
		E4FC88352B775F3E005DCC4B /* Extensions */ = {
			isa = PBXGroup;
			children = (
				E48AAA6A2B8269D90043A00A /* Chrome */,
				E4FC88362B775F52005DCC4B /* ColorManager.swift */,
				E4FC883D2B776463005DCC4B /* ViewExtensions.swift */,
				E4FC88432B77FCD2005DCC4B /* Tips.swift */,
				E4FC88472B790113005DCC4B /* OffsetKey.swift */,
				E4B05C802B82249A00080748 /* TransparentBlurView.swift */,
				E48A906B2B86722900DAFD8C /* HapticManager.swift */,
			);
			path = Extensions;
			sourceTree = "<group>";
		};
		E4FC884A2B792363005DCC4B /* Core */ = {
			isa = PBXGroup;
			children = (
				E46392BE2B7A86D900B85B0C /* Components */,
				E4FC882F2B775090005DCC4B /* Note */,
				E4FC884B2B7923A5005DCC4B /* onBoarding */,
			);
			path = Core;
			sourceTree = "<group>";
		};
		E4FC884B2B7923A5005DCC4B /* onBoarding */ = {
			isa = PBXGroup;
			children = (
				E4FC884C2B7923A5005DCC4B /* Model */,
				E4FC884E2B7923A5005DCC4B /* View */,
			);
			path = onBoarding;
			sourceTree = "<group>";
		};
		E4FC884C2B7923A5005DCC4B /* Model */ = {
			isa = PBXGroup;
			children = (
				E4FC88562B7924AA005DCC4B /* PageIntro.swift */,
			);
			path = Model;
			sourceTree = "<group>";
		};
		E4FC884E2B7923A5005DCC4B /* View */ = {
			isa = PBXGroup;
			children = (
				E4FC88582B7924CD005DCC4B /* HomeOnBoard.swift */,
				E4FC885A2B7924DA005DCC4B /* CustomTextField.swift */,
				E4FC885C2B7924E7005DCC4B /* CustomIndicatorView.swift */,
			);
			path = View;
			sourceTree = "<group>";
		};
/* End PBXGroup section */

/* Begin PBXNativeTarget section */
		E4FC87F92B774CA8005DCC4B /* NewNote */ = {
			isa = PBXNativeTarget;
			buildConfigurationList = E4FC88082B774CA9005DCC4B /* Build configuration list for PBXNativeTarget "NewNote" */;
			buildPhases = (
				E4FC87F62B774CA8005DCC4B /* Sources */,
				E4FC87F72B774CA8005DCC4B /* Frameworks */,
				E4FC87F82B774CA8005DCC4B /* Resources */,
				E4FC882A2B775063005DCC4B /* Embed Foundation Extensions */,
			);
			buildRules = (
			);
			dependencies = (
				E4FC88282B775063005DCC4B /* PBXTargetDependency */,
			);
			name = NewNote;
			productName = NewNote;
			productReference = E4FC87FA2B774CA8005DCC4B /* NewNote.app */;
			productType = "com.apple.product-type.application";
		};
		E4FC88182B775061005DCC4B /* NoteWidgetExtension */ = {
			isa = PBXNativeTarget;
			buildConfigurationList = E4FC882D2B775063005DCC4B /* Build configuration list for PBXNativeTarget "NoteWidgetExtension" */;
			buildPhases = (
				E4FC88152B775061005DCC4B /* Sources */,
				E4FC88162B775061005DCC4B /* Frameworks */,
				E4FC88172B775061005DCC4B /* Resources */,
			);
			buildRules = (
			);
			dependencies = (
			);
			name = NoteWidgetExtension;
			productName = NoteWidgetExtension;
			productReference = E4FC88192B775061005DCC4B /* NoteWidgetExtension.appex */;
			productType = "com.apple.product-type.app-extension";
		};
/* End PBXNativeTarget section */

/* Begin PBXProject section */
		E4FC87F22B774CA8005DCC4B /* Project object */ = {
			isa = PBXProject;
			attributes = {
				BuildIndependentTargetsInParallel = 1;
				LastSwiftUpdateCheck = 1520;
				LastUpgradeCheck = 1520;
				TargetAttributes = {
					E4FC87F92B774CA8005DCC4B = {
						CreatedOnToolsVersion = 15.2;
					};
					E4FC88182B775061005DCC4B = {
						CreatedOnToolsVersion = 15.2;
					};
				};
			};
			buildConfigurationList = E4FC87F52B774CA8005DCC4B /* Build configuration list for PBXProject "NewNote" */;
			compatibilityVersion = "Xcode 14.0";
			developmentRegion = en;
			hasScannedForEncodings = 0;
			knownRegions = (
				en,
				Base,
				ru,
			);
			mainGroup = E4FC87F12B774CA8005DCC4B;
			productRefGroup = E4FC87FB2B774CA8005DCC4B /* Products */;
			projectDirPath = "";
			projectRoot = "";
			targets = (
				E4FC87F92B774CA8005DCC4B /* NewNote */,
				E4FC88182B775061005DCC4B /* NoteWidgetExtension */,
			);
		};
/* End PBXProject section */

/* Begin PBXResourcesBuildPhase section */
		E4FC87F82B774CA8005DCC4B /* Resources */ = {
			isa = PBXResourcesBuildPhase;
			buildActionMask = 2147483647;
			files = (
				E4FC88052B774CA9005DCC4B /* Preview Assets.xcassets in Resources */,
				E4FC88022B774CA9005DCC4B /* Assets.xcassets in Resources */,
				E44640122B8A4757004B9A46 /* Localizable.xcstrings in Resources */,
			);
			runOnlyForDeploymentPostprocessing = 0;
		};
		E4FC88172B775061005DCC4B /* Resources */ = {
			isa = PBXResourcesBuildPhase;
			buildActionMask = 2147483647;
			files = (
				E4FC88252B775063005DCC4B /* Assets.xcassets in Resources */,
			);
			runOnlyForDeploymentPostprocessing = 0;
		};
/* End PBXResourcesBuildPhase section */

/* Begin PBXSourcesBuildPhase section */
		E4FC87F62B774CA8005DCC4B /* Sources */ = {
			isa = PBXSourcesBuildPhase;
			buildActionMask = 2147483647;
			files = (
				E47481FD2B7BDD390036B5C2 /* TextCard.swift in Sources */,
				E4FC883E2B776463005DCC4B /* ViewExtensions.swift in Sources */,
				E48AAA6E2B8269FC0043A00A /* Config.swift in Sources */,
				E47481FB2B7BDD040036B5C2 /* ImageCard.swift in Sources */,
				E4B05C812B82249A00080748 /* TransparentBlurView.swift in Sources */,
				E4B05C7F2B821BAA00080748 /* BookmarkNoteView.swift in Sources */,
				E4FC88002B774CA8005DCC4B /* ContentView.swift in Sources */,
				E42C4CF82B90E6E10092563E /* DetailView.swift in Sources */,
				E4FC87FE2B774CA8005DCC4B /* NewNoteApp.swift in Sources */,
				E48AAA762B83B4CE0043A00A /* ButtonCard.swift in Sources */,
				E48AAA782B8514400043A00A /* Card.swift in Sources */,
				E4FC88122B774CF9005DCC4B /* CompletedNoteView.swift in Sources */,
				E47482032B7BE3C70036B5C2 /* NoteText.swift in Sources */,
				E47482072B7D1B270036B5C2 /* CustomDatePickerView.swift in Sources */,
				E42C4CF42B8E44020092563E /* Intro.swift in Sources */,
				E4FC885B2B7924DA005DCC4B /* CustomTextField.swift in Sources */,
				E4FC88572B7924AA005DCC4B /* PageIntro.swift in Sources */,
				E4FC885D2B7924E7005DCC4B /* CustomIndicatorView.swift in Sources */,
				E48A906C2B86722900DAFD8C /* HapticManager.swift in Sources */,
				E48AAA722B826A280043A00A /* UniversalInteractionManager.swift in Sources */,
				E45304ED2B9B0F46004243DC /* HeaderViewModel.swift in Sources */,
				E4FC88402B77E523005DCC4B /* EditNoteView.swift in Sources */,
				E48A906E2B87F8D200DAFD8C /* CustomButtonCard.swift in Sources */,
				E4FC883C2B775FD9005DCC4B /* PreviewContainer.swift in Sources */,
				E42C4CF62B8E5EFD0092563E /* LearnView.swift in Sources */,
				E4FC883A2B775FC8005DCC4B /* NoteContent.swift in Sources */,
				E4FC88482B790113005DCC4B /* OffsetKey.swift in Sources */,
				E47482052B7BE5190036B5C2 /* OverlayButtons.swift in Sources */,
				E4FC88592B7924CD005DCC4B /* HomeOnBoard.swift in Sources */,
				E47482012B7BE39B0036B5C2 /* NotePhoto.swift in Sources */,
				E446400E2B8A0FAE004B9A46 /* Search.swift in Sources */,
				E48A90702B890C3200DAFD8C /* HomeBG.swift in Sources */,
				E48AAA702B826A160043A00A /* Home.swift in Sources */,
				E4FC88342B775D3B005DCC4B /* AddNoteView.swift in Sources */,
				E4FC88442B77FCD2005DCC4B /* Tips.swift in Sources */,
				E4FC880E2B774CE0005DCC4B /* Note.swift in Sources */,
				E4FC88372B775F52005DCC4B /* ColorManager.swift in Sources */,
				E48AAA742B826A330043A00A /* ChromeScrollView.swift in Sources */,
			);
			runOnlyForDeploymentPostprocessing = 0;
		};
		E4FC88152B775061005DCC4B /* Sources */ = {
			isa = PBXSourcesBuildPhase;
			buildActionMask = 2147483647;
			files = (
				E4FC88212B775061005DCC4B /* NoteWidgetBundle.swift in Sources */,
				E4FC88232B775061005DCC4B /* NoteWidget.swift in Sources */,
				E4FC88302B7750BA005DCC4B /* Note.swift in Sources */,
			);
			runOnlyForDeploymentPostprocessing = 0;
		};
/* End PBXSourcesBuildPhase section */

/* Begin PBXTargetDependency section */
		E4FC88282B775063005DCC4B /* PBXTargetDependency */ = {
			isa = PBXTargetDependency;
			target = E4FC88182B775061005DCC4B /* NoteWidgetExtension */;
			targetProxy = E4FC88272B775063005DCC4B /* PBXContainerItemProxy */;
		};
/* End PBXTargetDependency section */

/* Begin XCBuildConfiguration section */
		E4FC88062B774CA9005DCC4B /* Debug */ = {
			isa = XCBuildConfiguration;
			buildSettings = {
				ALWAYS_SEARCH_USER_PATHS = NO;
				ASSETCATALOG_COMPILER_GENERATE_SWIFT_ASSET_SYMBOL_EXTENSIONS = YES;
				CLANG_ANALYZER_NONNULL = YES;
				CLANG_ANALYZER_NUMBER_OBJECT_CONVERSION = YES_AGGRESSIVE;
				CLANG_CXX_LANGUAGE_STANDARD = "gnu++20";
				CLANG_ENABLE_MODULES = YES;
				CLANG_ENABLE_OBJC_ARC = YES;
				CLANG_ENABLE_OBJC_WEAK = YES;
				CLANG_WARN_BLOCK_CAPTURE_AUTORELEASING = YES;
				CLANG_WARN_BOOL_CONVERSION = YES;
				CLANG_WARN_COMMA = YES;
				CLANG_WARN_CONSTANT_CONVERSION = YES;
				CLANG_WARN_DEPRECATED_OBJC_IMPLEMENTATIONS = YES;
				CLANG_WARN_DIRECT_OBJC_ISA_USAGE = YES_ERROR;
				CLANG_WARN_DOCUMENTATION_COMMENTS = YES;
				CLANG_WARN_EMPTY_BODY = YES;
				CLANG_WARN_ENUM_CONVERSION = YES;
				CLANG_WARN_INFINITE_RECURSION = YES;
				CLANG_WARN_INT_CONVERSION = YES;
				CLANG_WARN_NON_LITERAL_NULL_CONVERSION = YES;
				CLANG_WARN_OBJC_IMPLICIT_RETAIN_SELF = YES;
				CLANG_WARN_OBJC_LITERAL_CONVERSION = YES;
				CLANG_WARN_OBJC_ROOT_CLASS = YES_ERROR;
				CLANG_WARN_QUOTED_INCLUDE_IN_FRAMEWORK_HEADER = YES;
				CLANG_WARN_RANGE_LOOP_ANALYSIS = YES;
				CLANG_WARN_STRICT_PROTOTYPES = YES;
				CLANG_WARN_SUSPICIOUS_MOVE = YES;
				CLANG_WARN_UNGUARDED_AVAILABILITY = YES_AGGRESSIVE;
				CLANG_WARN_UNREACHABLE_CODE = YES;
				CLANG_WARN__DUPLICATE_METHOD_MATCH = YES;
				COPY_PHASE_STRIP = NO;
				DEBUG_INFORMATION_FORMAT = dwarf;
				ENABLE_STRICT_OBJC_MSGSEND = YES;
				ENABLE_TESTABILITY = YES;
				ENABLE_USER_SCRIPT_SANDBOXING = YES;
				GCC_C_LANGUAGE_STANDARD = gnu17;
				GCC_DYNAMIC_NO_PIC = NO;
				GCC_NO_COMMON_BLOCKS = YES;
				GCC_OPTIMIZATION_LEVEL = 0;
				GCC_PREPROCESSOR_DEFINITIONS = (
					"DEBUG=1",
					"$(inherited)",
				);
				GCC_WARN_64_TO_32_BIT_CONVERSION = YES;
				GCC_WARN_ABOUT_RETURN_TYPE = YES_ERROR;
				GCC_WARN_UNDECLARED_SELECTOR = YES;
				GCC_WARN_UNINITIALIZED_AUTOS = YES_AGGRESSIVE;
				GCC_WARN_UNUSED_FUNCTION = YES;
				GCC_WARN_UNUSED_VARIABLE = YES;
				IPHONEOS_DEPLOYMENT_TARGET = 17.2;
				LOCALIZATION_PREFERS_STRING_CATALOGS = YES;
				MTL_ENABLE_DEBUG_INFO = INCLUDE_SOURCE;
				MTL_FAST_MATH = YES;
				ONLY_ACTIVE_ARCH = YES;
				SDKROOT = iphoneos;
				SWIFT_ACTIVE_COMPILATION_CONDITIONS = "DEBUG $(inherited)";
				SWIFT_OPTIMIZATION_LEVEL = "-Onone";
			};
			name = Debug;
		};
		E4FC88072B774CA9005DCC4B /* Release */ = {
			isa = XCBuildConfiguration;
			buildSettings = {
				ALWAYS_SEARCH_USER_PATHS = NO;
				ASSETCATALOG_COMPILER_GENERATE_SWIFT_ASSET_SYMBOL_EXTENSIONS = YES;
				CLANG_ANALYZER_NONNULL = YES;
				CLANG_ANALYZER_NUMBER_OBJECT_CONVERSION = YES_AGGRESSIVE;
				CLANG_CXX_LANGUAGE_STANDARD = "gnu++20";
				CLANG_ENABLE_MODULES = YES;
				CLANG_ENABLE_OBJC_ARC = YES;
				CLANG_ENABLE_OBJC_WEAK = YES;
				CLANG_WARN_BLOCK_CAPTURE_AUTORELEASING = YES;
				CLANG_WARN_BOOL_CONVERSION = YES;
				CLANG_WARN_COMMA = YES;
				CLANG_WARN_CONSTANT_CONVERSION = YES;
				CLANG_WARN_DEPRECATED_OBJC_IMPLEMENTATIONS = YES;
				CLANG_WARN_DIRECT_OBJC_ISA_USAGE = YES_ERROR;
				CLANG_WARN_DOCUMENTATION_COMMENTS = YES;
				CLANG_WARN_EMPTY_BODY = YES;
				CLANG_WARN_ENUM_CONVERSION = YES;
				CLANG_WARN_INFINITE_RECURSION = YES;
				CLANG_WARN_INT_CONVERSION = YES;
				CLANG_WARN_NON_LITERAL_NULL_CONVERSION = YES;
				CLANG_WARN_OBJC_IMPLICIT_RETAIN_SELF = YES;
				CLANG_WARN_OBJC_LITERAL_CONVERSION = YES;
				CLANG_WARN_OBJC_ROOT_CLASS = YES_ERROR;
				CLANG_WARN_QUOTED_INCLUDE_IN_FRAMEWORK_HEADER = YES;
				CLANG_WARN_RANGE_LOOP_ANALYSIS = YES;
				CLANG_WARN_STRICT_PROTOTYPES = YES;
				CLANG_WARN_SUSPICIOUS_MOVE = YES;
				CLANG_WARN_UNGUARDED_AVAILABILITY = YES_AGGRESSIVE;
				CLANG_WARN_UNREACHABLE_CODE = YES;
				CLANG_WARN__DUPLICATE_METHOD_MATCH = YES;
				COPY_PHASE_STRIP = NO;
				DEBUG_INFORMATION_FORMAT = "dwarf-with-dsym";
				ENABLE_NS_ASSERTIONS = NO;
				ENABLE_STRICT_OBJC_MSGSEND = YES;
				ENABLE_USER_SCRIPT_SANDBOXING = YES;
				GCC_C_LANGUAGE_STANDARD = gnu17;
				GCC_NO_COMMON_BLOCKS = YES;
				GCC_WARN_64_TO_32_BIT_CONVERSION = YES;
				GCC_WARN_ABOUT_RETURN_TYPE = YES_ERROR;
				GCC_WARN_UNDECLARED_SELECTOR = YES;
				GCC_WARN_UNINITIALIZED_AUTOS = YES_AGGRESSIVE;
				GCC_WARN_UNUSED_FUNCTION = YES;
				GCC_WARN_UNUSED_VARIABLE = YES;
				IPHONEOS_DEPLOYMENT_TARGET = 17.2;
				LOCALIZATION_PREFERS_STRING_CATALOGS = YES;
				MTL_ENABLE_DEBUG_INFO = NO;
				MTL_FAST_MATH = YES;
				SDKROOT = iphoneos;
				SWIFT_COMPILATION_MODE = wholemodule;
				VALIDATE_PRODUCT = YES;
			};
			name = Release;
		};
		E4FC88092B774CA9005DCC4B /* Debug */ = {
			isa = XCBuildConfiguration;
			buildSettings = {
				ALWAYS_EMBED_SWIFT_STANDARD_LIBRARIES = YES;
				ASSETCATALOG_COMPILER_APPICON_NAME = AppIcon;
				ASSETCATALOG_COMPILER_GLOBAL_ACCENT_COLOR_NAME = AccentColor;
				CODE_SIGN_ENTITLEMENTS = NewNote/NewNote.entitlements;
				CODE_SIGN_STYLE = Automatic;
				CURRENT_PROJECT_VERSION = 1;
				DEVELOPMENT_ASSET_PATHS = "\"NewNote/Preview Content\"";
				DEVELOPMENT_TEAM = 62UE764E85;
				ENABLE_PREVIEWS = YES;
				GENERATE_INFOPLIST_FILE = YES;
				INFOPLIST_FILE = NewNote/Info.plist;
				INFOPLIST_KEY_CFBundleDisplayName = "Just Journal";
				INFOPLIST_KEY_LSApplicationCategoryType = "public.app-category.business";
				INFOPLIST_KEY_UIApplicationSceneManifest_Generation = YES;
				INFOPLIST_KEY_UIApplicationSupportsIndirectInputEvents = YES;
				INFOPLIST_KEY_UILaunchScreen_Generation = YES;
				INFOPLIST_KEY_UISupportedInterfaceOrientations = UIInterfaceOrientationPortrait;
				IPHONEOS_DEPLOYMENT_TARGET = 17.0;
				LD_RUNPATH_SEARCH_PATHS = (
					"$(inherited)",
					"@executable_path/Frameworks",
				);
				MARKETING_VERSION = 2.1;
				PRODUCT_BUNDLE_IDENTIFIER = com.benjiloya.Notes;
				PRODUCT_NAME = "$(TARGET_NAME)";
				SUPPORTED_PLATFORMS = "iphoneos iphonesimulator";
				SUPPORTS_MACCATALYST = NO;
				SWIFT_EMIT_LOC_STRINGS = YES;
				SWIFT_VERSION = 5.0;
				TARGETED_DEVICE_FAMILY = 1;
			};
			name = Debug;
		};
		E4FC880A2B774CA9005DCC4B /* Release */ = {
			isa = XCBuildConfiguration;
			buildSettings = {
				ALWAYS_EMBED_SWIFT_STANDARD_LIBRARIES = YES;
				ASSETCATALOG_COMPILER_APPICON_NAME = AppIcon;
				ASSETCATALOG_COMPILER_GLOBAL_ACCENT_COLOR_NAME = AccentColor;
				CODE_SIGN_ENTITLEMENTS = NewNote/NewNote.entitlements;
				CODE_SIGN_STYLE = Automatic;
				CURRENT_PROJECT_VERSION = 1;
				DEVELOPMENT_ASSET_PATHS = "\"NewNote/Preview Content\"";
				DEVELOPMENT_TEAM = 62UE764E85;
				ENABLE_PREVIEWS = YES;
				GENERATE_INFOPLIST_FILE = YES;
				INFOPLIST_FILE = NewNote/Info.plist;
				INFOPLIST_KEY_CFBundleDisplayName = "Just Journal";
				INFOPLIST_KEY_LSApplicationCategoryType = "public.app-category.business";
				INFOPLIST_KEY_UIApplicationSceneManifest_Generation = YES;
				INFOPLIST_KEY_UIApplicationSupportsIndirectInputEvents = YES;
				INFOPLIST_KEY_UILaunchScreen_Generation = YES;
				INFOPLIST_KEY_UISupportedInterfaceOrientations = UIInterfaceOrientationPortrait;
				IPHONEOS_DEPLOYMENT_TARGET = 17.0;
				LD_RUNPATH_SEARCH_PATHS = (
					"$(inherited)",
					"@executable_path/Frameworks",
				);
				MARKETING_VERSION = 2.1;
				PRODUCT_BUNDLE_IDENTIFIER = com.benjiloya.Notes;
				PRODUCT_NAME = "$(TARGET_NAME)";
				SUPPORTED_PLATFORMS = "iphoneos iphonesimulator";
				SUPPORTS_MACCATALYST = NO;
				SWIFT_EMIT_LOC_STRINGS = YES;
				SWIFT_VERSION = 5.0;
				TARGETED_DEVICE_FAMILY = 1;
			};
			name = Release;
		};
		E4FC882B2B775063005DCC4B /* Debug */ = {
			isa = XCBuildConfiguration;
			buildSettings = {
				ASSETCATALOG_COMPILER_GLOBAL_ACCENT_COLOR_NAME = AccentColor;
				ASSETCATALOG_COMPILER_WIDGET_BACKGROUND_COLOR_NAME = WidgetBackground;
				CODE_SIGN_ENTITLEMENTS = NoteWidgetExtension.entitlements;
				CODE_SIGN_STYLE = Automatic;
				CURRENT_PROJECT_VERSION = 1;
				DEVELOPMENT_TEAM = 62UE764E85;
				GENERATE_INFOPLIST_FILE = YES;
				INFOPLIST_FILE = NoteWidget/Info.plist;
				INFOPLIST_KEY_CFBundleDisplayName = NoteWidget;
				INFOPLIST_KEY_NSHumanReadableCopyright = "";
				IPHONEOS_DEPLOYMENT_TARGET = 17.0;
				LD_RUNPATH_SEARCH_PATHS = (
					"$(inherited)",
					"@executable_path/Frameworks",
					"@executable_path/../../Frameworks",
				);
				MARKETING_VERSION = 1.0;
				PRODUCT_BUNDLE_IDENTIFIER = com.benjiloya.Notes.NoteWidget;
				PRODUCT_NAME = "$(TARGET_NAME)";
				SKIP_INSTALL = YES;
				SUPPORTED_PLATFORMS = "iphoneos iphonesimulator";
				SUPPORTS_MACCATALYST = NO;
				SWIFT_EMIT_LOC_STRINGS = YES;
				SWIFT_VERSION = 5.0;
				TARGETED_DEVICE_FAMILY = 1;
			};
			name = Debug;
		};
		E4FC882C2B775063005DCC4B /* Release */ = {
			isa = XCBuildConfiguration;
			buildSettings = {
				ASSETCATALOG_COMPILER_GLOBAL_ACCENT_COLOR_NAME = AccentColor;
				ASSETCATALOG_COMPILER_WIDGET_BACKGROUND_COLOR_NAME = WidgetBackground;
				CODE_SIGN_ENTITLEMENTS = NoteWidgetExtension.entitlements;
				CODE_SIGN_STYLE = Automatic;
				CURRENT_PROJECT_VERSION = 1;
				DEVELOPMENT_TEAM = 62UE764E85;
				GENERATE_INFOPLIST_FILE = YES;
				INFOPLIST_FILE = NoteWidget/Info.plist;
				INFOPLIST_KEY_CFBundleDisplayName = NoteWidget;
				INFOPLIST_KEY_NSHumanReadableCopyright = "";
				IPHONEOS_DEPLOYMENT_TARGET = 17.0;
				LD_RUNPATH_SEARCH_PATHS = (
					"$(inherited)",
					"@executable_path/Frameworks",
					"@executable_path/../../Frameworks",
				);
				MARKETING_VERSION = 1.0;
				PRODUCT_BUNDLE_IDENTIFIER = com.benjiloya.Notes.NoteWidget;
				PRODUCT_NAME = "$(TARGET_NAME)";
				SKIP_INSTALL = YES;
				SUPPORTED_PLATFORMS = "iphoneos iphonesimulator";
				SUPPORTS_MACCATALYST = NO;
				SWIFT_EMIT_LOC_STRINGS = YES;
				SWIFT_VERSION = 5.0;
				TARGETED_DEVICE_FAMILY = 1;
			};
			name = Release;
		};
/* End XCBuildConfiguration section */

/* Begin XCConfigurationList section */
		E4FC87F52B774CA8005DCC4B /* Build configuration list for PBXProject "NewNote" */ = {
			isa = XCConfigurationList;
			buildConfigurations = (
				E4FC88062B774CA9005DCC4B /* Debug */,
				E4FC88072B774CA9005DCC4B /* Release */,
			);
			defaultConfigurationIsVisible = 0;
			defaultConfigurationName = Release;
		};
		E4FC88082B774CA9005DCC4B /* Build configuration list for PBXNativeTarget "NewNote" */ = {
			isa = XCConfigurationList;
			buildConfigurations = (
				E4FC88092B774CA9005DCC4B /* Debug */,
				E4FC880A2B774CA9005DCC4B /* Release */,
			);
			defaultConfigurationIsVisible = 0;
			defaultConfigurationName = Release;
		};
		E4FC882D2B775063005DCC4B /* Build configuration list for PBXNativeTarget "NoteWidgetExtension" */ = {
			isa = XCConfigurationList;
			buildConfigurations = (
				E4FC882B2B775063005DCC4B /* Debug */,
				E4FC882C2B775063005DCC4B /* Release */,
			);
			defaultConfigurationIsVisible = 0;
			defaultConfigurationName = Release;
		};
/* End XCConfigurationList section */
	};
	rootObject = E4FC87F22B774CA8005DCC4B /* Project object */;
}
